
Microsoft Visual Studio Solution File, Format Version 12.00
# Visual Studio 15
VisualStudioVersion = 15.0.28307.136
MinimumVisualStudioVersion = 10.0.40219.1
Project("{FAE04EC0-301F-11D3-BF4B-00C04F79EFBC}") = "Demo_EPPlus", "Demo_EPPlus\Demo_EPPlus.csproj", "{CE36370F-012F-4FBD-AB01-27C3B5D13A0C}"
EndProject
Project("{FAE04EC0-301F-11D3-BF4B-00C04F79EFBC}") = "Demo_UT", "Demo_UT\Demo_UT.csproj", "{DD44C5B6-DABD-4793-93DD-2ABBA22A7DF3}"
EndProject
Global
	GlobalSection(SolutionConfigurationPlatforms) = preSolution
		Debug|Any CPU = Debug|Any CPU
		Release|Any CPU = Release|Any CPU
	EndGlobalSection
	GlobalSection(ProjectConfigurationPlatforms) = postSolution
		{CE36370F-012F-4FBD-AB01-27C3B5D13A0C}.Debug|Any CPU.ActiveCfg = Debug|Any CPU
		{CE36370F-012F-4FBD-AB01-27C3B5D13A0C}.Debug|Any CPU.Build.0 = Debug|Any CPU
		{CE36370F-012F-4FBD-AB01-27C3B5D13A0C}.Release|Any CPU.ActiveCfg = Release|Any CPU
		{CE36370F-012F-4FBD-AB01-27C3B5D13A0C}.Release|Any CPU.Build.0 = Release|Any CPU
		{DD44C5B6-DABD-4793-93DD-2ABBA22A7DF3}.Debug|Any CPU.ActiveCfg = Debug|Any CPU
		{DD44C5B6-DABD-4793-93DD-2ABBA22A7DF3}.Debug|Any CPU.Build.0 = Debug|Any CPU
		{DD44C5B6-DABD-4793-93DD-2ABBA22A7DF3}.Release|Any CPU.ActiveCfg = Release|Any CPU
		{DD44C5B6-DABD-4793-93DD-2ABBA22A7DF3}.Release|Any CPU.Build.0 = Release|Any CPU
	EndGlobalSection
	GlobalSection(SolutionProperties) = preSolution
		HideSolutionNode = FALSE
	EndGlobalSection
	GlobalSection(ExtensibilityGlobals) = postSolution
		SolutionGuid = {CCD6F214-D805-4099-84DE-82FBB6D80EE0}
	EndGlobalSection
EndGlobal
